
Microsoft Visual Studio Solution File, Format Version 12.00
# Visual Studio Version 17
VisualStudioVersion = 17.4.33110.190
MinimumVisualStudioVersion = 10.0.40219.1
Project("{FAE04EC0-301F-11D3-BF4B-00C04F79EFBC}") = "CV19", "CV19.csproj", "{E77D6819-BB0E-43F4-AA01-691D2F212D4D}"
EndProject
Project("{2150E333-8FDC-42A3-9474-1A3956D46DE8}") = "Tests", "Tests", "{E4101B27-83DB-4074-A10B-6E337B37351A}"
EndProject
Project("{FAE04EC0-301F-11D3-BF4B-00C04F79EFBC}") = "CV19Console", "..\Tests\CV19Console\CV19Console.csproj", "{F67650D7-0251-45CC-B189-76AB9A166243}"
EndProject
Project("{FAE04EC0-301F-11D3-BF4B-00C04F79EFBC}") = "TestWPF", "..\Tests\TestWPF\TestWPF.csproj", "{05AAF89D-D963-4D79-A073-F7BCF8E40FA1}"
EndProject
Global
	GlobalSection(SolutionConfigurationPlatforms) = preSolution
		Debug|Any CPU = Debug|Any CPU
		Release|Any CPU = Release|Any CPU
	EndGlobalSection
	GlobalSection(ProjectConfigurationPlatforms) = postSolution
		{E77D6819-BB0E-43F4-AA01-691D2F212D4D}.Debug|Any CPU.ActiveCfg = Debug|Any CPU
		{E77D6819-BB0E-43F4-AA01-691D2F212D4D}.Debug|Any CPU.Build.0 = Debug|Any CPU
		{E77D6819-BB0E-43F4-AA01-691D2F212D4D}.Release|Any CPU.ActiveCfg = Release|Any CPU
		{E77D6819-BB0E-43F4-AA01-691D2F212D4D}.Release|Any CPU.Build.0 = Release|Any CPU
		{F67650D7-0251-45CC-B189-76AB9A166243}.Debug|Any CPU.ActiveCfg = Debug|Any CPU
		{F67650D7-0251-45CC-B189-76AB9A166243}.Debug|Any CPU.Build.0 = Debug|Any CPU
		{F67650D7-0251-45CC-B189-76AB9A166243}.Release|Any CPU.ActiveCfg = Release|Any CPU
		{F67650D7-0251-45CC-B189-76AB9A166243}.Release|Any CPU.Build.0 = Release|Any CPU
		{05AAF89D-D963-4D79-A073-F7BCF8E40FA1}.Debug|Any CPU.ActiveCfg = Debug|Any CPU
		{05AAF89D-D963-4D79-A073-F7BCF8E40FA1}.Debug|Any CPU.Build.0 = Debug|Any CPU
		{05AAF89D-D963-4D79-A073-F7BCF8E40FA1}.Release|Any CPU.ActiveCfg = Release|Any CPU
		{05AAF89D-D963-4D79-A073-F7BCF8E40FA1}.Release|Any CPU.Build.0 = Release|Any CPU
	EndGlobalSection
	GlobalSection(SolutionProperties) = preSolution
		HideSolutionNode = FALSE
	EndGlobalSection
	GlobalSection(NestedProjects) = preSolution
		{F67650D7-0251-45CC-B189-76AB9A166243} = {E4101B27-83DB-4074-A10B-6E337B37351A}
		{05AAF89D-D963-4D79-A073-F7BCF8E40FA1} = {E4101B27-83DB-4074-A10B-6E337B37351A}
	EndGlobalSection
	GlobalSection(ExtensibilityGlobals) = postSolution
		SolutionGuid = {CAA748E4-AC2F-4C6F-83ED-049C1D4E5743}
	EndGlobalSection
EndGlobal
